
Microsoft Visual Studio Solution File, Format Version 12.00
# Visual Studio Version 16
VisualStudioVersion = 16.0.30104.148
MinimumVisualStudioVersion = 10.0.40219.1
Project("{FAE04EC0-301F-11D3-BF4B-00C04F79EFBC}") = "SpotifyPro", "SpotifyPro\SpotifyPro.csproj", "{AFDDD0CB-D1BF-4815-81F7-03A3A8551D5C}"
EndProject
Global
	GlobalSection(SolutionConfigurationPlatforms) = preSolution
		Debug|Any CPU = Debug|Any CPU
		Release|Any CPU = Release|Any CPU
	EndGlobalSection
	GlobalSection(ProjectConfigurationPlatforms) = postSolution
		{AFDDD0CB-D1BF-4815-81F7-03A3A8551D5C}.Debug|Any CPU.ActiveCfg = Debug|Any CPU
		{AFDDD0CB-D1BF-4815-81F7-03A3A8551D5C}.Debug|Any CPU.Build.0 = Debug|Any CPU
		{AFDDD0CB-D1BF-4815-81F7-03A3A8551D5C}.Release|Any CPU.ActiveCfg = Release|Any CPU
		{AFDDD0CB-D1BF-4815-81F7-03A3A8551D5C}.Release|Any CPU.Build.0 = Release|Any CPU
	EndGlobalSection
	GlobalSection(SolutionProperties) = preSolution
		HideSolutionNode = FALSE
	EndGlobalSection
	GlobalSection(ExtensibilityGlobals) = postSolution
		SolutionGuid = {5CF09ED8-E640-42AA-9882-9E9B4BFD5D78}
	EndGlobalSection
EndGlobal
